# This file is automatically @generated by Cargo.
# It is not intended for manual editing.
version = 4

[[package]]
name = "context-cli"
version = "0.0.0"

[[package]]
name = "context-conformance"
version = "0.0.0"

[[package]]
name = "context-core"
version = "0.0.0"

[[package]]
name = "context-retrieval"
version = "0.0.0"

[[package]]
name = "context-store"
version = "0.0.0"

[[package]]
name = "context-workspace"
version = "0.0.0"
